
Microsoft Visual Studio Solution File, Format Version 12.00
# Visual Studio 2013
VisualStudioVersion = 12.0.21005.1
MinimumVisualStudioVersion = 10.0.40219.1
Project("{FAE04EC0-301F-11D3-BF4B-00C04F79EFBC}") = "FubuTodo", "src\FubuTodo\FubuTodo.csproj", "{3E0CF0D6-23DC-4B18-A2D3-D485EB27D4E3}"
EndProject
Project("{FAE04EC0-301F-11D3-BF4B-00C04F79EFBC}") = "FubuTodoHelpers", "FubuTodoHelpers\FubuTodoHelpers.csproj", "{60D9E9D4-94A3-4340-92F9-BA953E20CDB5}"
EndProject
Project("{FAE04EC0-301F-11D3-BF4B-00C04F79EFBC}") = "Repositories", "Repositories\Repositories.csproj", "{5CF77E75-FBE3-49E2-8267-1284C738761E}"
EndProject
Global
	GlobalSection(SolutionConfigurationPlatforms) = preSolution
		Debug|Any CPU = Debug|Any CPU
		Release|Any CPU = Release|Any CPU
	EndGlobalSection
	GlobalSection(ProjectConfigurationPlatforms) = postSolution
		{3E0CF0D6-23DC-4B18-A2D3-D485EB27D4E3}.Debug|Any CPU.ActiveCfg = Debug|Any CPU
		{3E0CF0D6-23DC-4B18-A2D3-D485EB27D4E3}.Debug|Any CPU.Build.0 = Debug|Any CPU
		{3E0CF0D6-23DC-4B18-A2D3-D485EB27D4E3}.Release|Any CPU.ActiveCfg = Release|Any CPU
		{3E0CF0D6-23DC-4B18-A2D3-D485EB27D4E3}.Release|Any CPU.Build.0 = Release|Any CPU
		{60D9E9D4-94A3-4340-92F9-BA953E20CDB5}.Debug|Any CPU.ActiveCfg = Debug|Any CPU
		{60D9E9D4-94A3-4340-92F9-BA953E20CDB5}.Debug|Any CPU.Build.0 = Debug|Any CPU
		{60D9E9D4-94A3-4340-92F9-BA953E20CDB5}.Release|Any CPU.ActiveCfg = Release|Any CPU
		{60D9E9D4-94A3-4340-92F9-BA953E20CDB5}.Release|Any CPU.Build.0 = Release|Any CPU
		{5CF77E75-FBE3-49E2-8267-1284C738761E}.Debug|Any CPU.ActiveCfg = Debug|Any CPU
		{5CF77E75-FBE3-49E2-8267-1284C738761E}.Debug|Any CPU.Build.0 = Debug|Any CPU
		{5CF77E75-FBE3-49E2-8267-1284C738761E}.Release|Any CPU.ActiveCfg = Release|Any CPU
		{5CF77E75-FBE3-49E2-8267-1284C738761E}.Release|Any CPU.Build.0 = Release|Any CPU
	EndGlobalSection
	GlobalSection(SolutionProperties) = preSolution
		HideSolutionNode = FALSE
	EndGlobalSection
EndGlobal
